// !$*UTF8*$!
{
	archiveVersion = 1;
	classes = {
	};
	objectVersion = 46;
	objects = {

/* Begin PBXBuildFile section */
		10078EC91E66AB0E0002F635 /* AppDelegate.swift in Sources */ = {isa = PBXBuildFile; fileRef = 10078EC81E66AB0E0002F635 /* AppDelegate.swift */; };
		10078ECB1E66AB0E0002F635 /* ViewController.swift in Sources */ = {isa = PBXBuildFile; fileRef = 10078ECA1E66AB0E0002F635 /* ViewController.swift */; };
		10078ECE1E66AB0E0002F635 /* Main.storyboard in Resources */ = {isa = PBXBuildFile; fileRef = 10078ECC1E66AB0E0002F635 /* Main.storyboard */; };
		10078ED01E66AB0E0002F635 /* Assets.xcassets in Resources */ = {isa = PBXBuildFile; fileRef = 10078ECF1E66AB0E0002F635 /* Assets.xcassets */; };
		10078ED31E66AB0E0002F635 /* LaunchScreen.storyboard in Resources */ = {isa = PBXBuildFile; fileRef = 10078ED11E66AB0E0002F635 /* LaunchScreen.storyboard */; };
		10078EDE1E66AB0E0002F635 /* SegmentedControlDemoTests.swift in Sources */ = {isa = PBXBuildFile; fileRef = 10078EDD1E66AB0E0002F635 /* SegmentedControlDemoTests.swift */; };
		10078EE91E66AB0E0002F635 /* SegmentedControlDemoUITests.swift in Sources */ = {isa = PBXBuildFile; fileRef = 10078EE81E66AB0E0002F635 /* SegmentedControlDemoUITests.swift */; };
		10078EF71E66AB1D0002F635 /* SegmentedControl.swift in Sources */ = {isa = PBXBuildFile; fileRef = 10078EF61E66AB1D0002F635 /* SegmentedControl.swift */; };
/* End PBXBuildFile section */

/* Begin PBXContainerItemProxy section */
		10078EDA1E66AB0E0002F635 /* PBXContainerItemProxy */ = {
			isa = PBXContainerItemProxy;
			containerPortal = 10078EBD1E66AB0E0002F635 /* Project object */;
			proxyType = 1;
			remoteGlobalIDString = 10078EC41E66AB0E0002F635;
			remoteInfo = SegmentedControlDemo;
		};
		10078EE51E66AB0E0002F635 /* PBXContainerItemProxy */ = {
			isa = PBXContainerItemProxy;
			containerPortal = 10078EBD1E66AB0E0002F635 /* Project object */;
			proxyType = 1;
			remoteGlobalIDString = 10078EC41E66AB0E0002F635;
			remoteInfo = SegmentedControlDemo;
		};
/* End PBXContainerItemProxy section */

/* Begin PBXFileReference section */
		10078EC51E66AB0E0002F635 /* SegmentedControlDemo.app */ = {isa = PBXFileReference; explicitFileType = wrapper.application; includeInIndex = 0; path = SegmentedControlDemo.app; sourceTree = BUILT_PRODUCTS_DIR; };
		10078EC81E66AB0E0002F635 /* AppDelegate.swift */ = {isa = PBXFileReference; lastKnownFileType = sourcecode.swift; path = AppDelegate.swift; sourceTree = "<group>"; };
		10078ECA1E66AB0E0002F635 /* ViewController.swift */ = {isa = PBXFileReference; lastKnownFileType = sourcecode.swift; path = ViewController.swift; sourceTree = "<group>"; };
		10078ECD1E66AB0E0002F635 /* Base */ = {isa = PBXFileReference; lastKnownFileType = file.storyboard; name = Base; path = Base.lproj/Main.storyboard; sourceTree = "<group>"; };
		10078ECF1E66AB0E0002F635 /* Assets.xcassets */ = {isa = PBXFileReference; lastKnownFileType = folder.assetcatalog; path = Assets.xcassets; sourceTree = "<group>"; };
		10078ED21E66AB0E0002F635 /* Base */ = {isa = PBXFileReference; lastKnownFileType = file.storyboard; name = Base; path = Base.lproj/LaunchScreen.storyboard; sourceTree = "<group>"; };
		10078ED41E66AB0E0002F635 /* Info.plist */ = {isa = PBXFileReference; lastKnownFileType = text.plist.xml; path = Info.plist; sourceTree = "<group>"; };
		10078ED91E66AB0E0002F635 /* SegmentedControlDemoTests.xctest */ = {isa = PBXFileReference; explicitFileType = wrapper.cfbundle; includeInIndex = 0; path = SegmentedControlDemoTests.xctest; sourceTree = BUILT_PRODUCTS_DIR; };
		10078EDD1E66AB0E0002F635 /* SegmentedControlDemoTests.swift */ = {isa = PBXFileReference; lastKnownFileType = sourcecode.swift; path = SegmentedControlDemoTests.swift; sourceTree = "<group>"; };
		10078EDF1E66AB0E0002F635 /* Info.plist */ = {isa = PBXFileReference; lastKnownFileType = text.plist.xml; path = Info.plist; sourceTree = "<group>"; };
		10078EE41E66AB0E0002F635 /* SegmentedControlDemoUITests.xctest */ = {isa = PBXFileReference; explicitFileType = wrapper.cfbundle; includeInIndex = 0; path = SegmentedControlDemoUITests.xctest; sourceTree = BUILT_PRODUCTS_DIR; };
		10078EE81E66AB0E0002F635 /* SegmentedControlDemoUITests.swift */ = {isa = PBXFileReference; lastKnownFileType = sourcecode.swift; path = SegmentedControlDemoUITests.swift; sourceTree = "<group>"; };
		10078EEA1E66AB0E0002F635 /* Info.plist */ = {isa = PBXFileReference; lastKnownFileType = text.plist.xml; path = Info.plist; sourceTree = "<group>"; };
		10078EF61E66AB1D0002F635 /* SegmentedControl.swift */ = {isa = PBXFileReference; fileEncoding = 4; lastKnownFileType = sourcecode.swift; path = SegmentedControl.swift; sourceTree = "<group>"; };
/* End PBXFileReference section */

/* Begin PBXFrameworksBuildPhase section */
		10078EC21E66AB0E0002F635 /* Frameworks */ = {
			isa = PBXFrameworksBuildPhase;
			buildActionMask = 2147483647;
			files = (
			);
			runOnlyForDeploymentPostprocessing = 0;
		};
		10078ED61E66AB0E0002F635 /* Frameworks */ = {
			isa = PBXFrameworksBuildPhase;
			buildActionMask = 2147483647;
			files = (
			);
			runOnlyForDeploymentPostprocessing = 0;
		};
		10078EE11E66AB0E0002F635 /* Frameworks */ = {
			isa = PBXFrameworksBuildPhase;
			buildActionMask = 2147483647;
			files = (
			);
			runOnlyForDeploymentPostprocessing = 0;
		};
/* End PBXFrameworksBuildPhase section */

/* Begin PBXGroup section */
		10078EBC1E66AB0E0002F635 = {
			isa = PBXGroup;
			children = (
				10078EC71E66AB0E0002F635 /* SegmentedControlDemo */,
				10078EDC1E66AB0E0002F635 /* SegmentedControlDemoTests */,
				10078EE71E66AB0E0002F635 /* SegmentedControlDemoUITests */,
				10078EC61E66AB0E0002F635 /* Products */,
			);
			sourceTree = "<group>";
		};
		10078EC61E66AB0E0002F635 /* Products */ = {
			isa = PBXGroup;
			children = (
				10078EC51E66AB0E0002F635 /* SegmentedControlDemo.app */,
				10078ED91E66AB0E0002F635 /* SegmentedControlDemoTests.xctest */,
				10078EE41E66AB0E0002F635 /* SegmentedControlDemoUITests.xctest */,
			);
			name = Products;
			sourceTree = "<group>";
		};
		10078EC71E66AB0E0002F635 /* SegmentedControlDemo */ = {
			isa = PBXGroup;
			children = (
				10078EC81E66AB0E0002F635 /* AppDelegate.swift */,
				10078ECA1E66AB0E0002F635 /* ViewController.swift */,
				10078EF61E66AB1D0002F635 /* SegmentedControl.swift */,
				10078ECC1E66AB0E0002F635 /* Main.storyboard */,
				10078ECF1E66AB0E0002F635 /* Assets.xcassets */,
				10078ED11E66AB0E0002F635 /* LaunchScreen.storyboard */,
				10078ED41E66AB0E0002F635 /* Info.plist */,
			);
			path = SegmentedControlDemo;
			sourceTree = "<group>";
		};
		10078EDC1E66AB0E0002F635 /* SegmentedControlDemoTests */ = {
			isa = PBXGroup;
			children = (
				10078EDD1E66AB0E0002F635 /* SegmentedControlDemoTests.swift */,
				10078EDF1E66AB0E0002F635 /* Info.plist */,
			);
			path = SegmentedControlDemoTests;
			sourceTree = "<group>";
		};
		10078EE71E66AB0E0002F635 /* SegmentedControlDemoUITests */ = {
			isa = PBXGroup;
			children = (
				10078EE81E66AB0E0002F635 /* SegmentedControlDemoUITests.swift */,
				10078EEA1E66AB0E0002F635 /* Info.plist */,
			);
			path = SegmentedControlDemoUITests;
			sourceTree = "<group>";
		};
/* End PBXGroup section */

/* Begin PBXNativeTarget section */
		10078EC41E66AB0E0002F635 /* SegmentedControlDemo */ = {
			isa = PBXNativeTarget;
			buildConfigurationList = 10078EED1E66AB0E0002F635 /* Build configuration list for PBXNativeTarget "SegmentedControlDemo" */;
			buildPhases = (
				10078EC11E66AB0E0002F635 /* Sources */,
				10078EC21E66AB0E0002F635 /* Frameworks */,
				10078EC31E66AB0E0002F635 /* Resources */,
			);
			buildRules = (
			);
			dependencies = (
			);
			name = SegmentedControlDemo;
			productName = SegmentedControlDemo;
			productReference = 10078EC51E66AB0E0002F635 /* SegmentedControlDemo.app */;
			productType = "com.apple.product-type.application";
		};
		10078ED81E66AB0E0002F635 /* SegmentedControlDemoTests */ = {
			isa = PBXNativeTarget;
			buildConfigurationList = 10078EF01E66AB0E0002F635 /* Build configuration list for PBXNativeTarget "SegmentedControlDemoTests" */;
			buildPhases = (
				10078ED51E66AB0E0002F635 /* Sources */,
				10078ED61E66AB0E0002F635 /* Frameworks */,
				10078ED71E66AB0E0002F635 /* Resources */,
			);
			buildRules = (
			);
			dependencies = (
				10078EDB1E66AB0E0002F635 /* PBXTargetDependency */,
			);
			name = SegmentedControlDemoTests;
			productName = SegmentedControlDemoTests;
			productReference = 10078ED91E66AB0E0002F635 /* SegmentedControlDemoTests.xctest */;
			productType = "com.apple.product-type.bundle.unit-test";
		};
		10078EE31E66AB0E0002F635 /* SegmentedControlDemoUITests */ = {
			isa = PBXNativeTarget;
			buildConfigurationList = 10078EF31E66AB0E0002F635 /* Build configuration list for PBXNativeTarget "SegmentedControlDemoUITests" */;
			buildPhases = (
				10078EE01E66AB0E0002F635 /* Sources */,
				10078EE11E66AB0E0002F635 /* Frameworks */,
				10078EE21E66AB0E0002F635 /* Resources */,
			);
			buildRules = (
			);
			dependencies = (
				10078EE61E66AB0E0002F635 /* PBXTargetDependency */,
			);
			name = SegmentedControlDemoUITests;
			productName = SegmentedControlDemoUITests;
			productReference = 10078EE41E66AB0E0002F635 /* SegmentedControlDemoUITests.xctest */;
			productType = "com.apple.product-type.bundle.ui-testing";
		};
/* End PBXNativeTarget section */

/* Begin PBXProject section */
		10078EBD1E66AB0E0002F635 /* Project object */ = {
			isa = PBXProject;
			attributes = {
				LastSwiftUpdateCheck = 0820;
				LastUpgradeCheck = 0820;
				ORGANIZATIONNAME = "Mike Gilroy";
				TargetAttributes = {
					10078EC41E66AB0E0002F635 = {
						CreatedOnToolsVersion = 8.2.1;
						DevelopmentTeam = MXD8E5FVZ4;
						ProvisioningStyle = Automatic;
					};
					10078ED81E66AB0E0002F635 = {
						CreatedOnToolsVersion = 8.2.1;
						DevelopmentTeam = MXD8E5FVZ4;
						ProvisioningStyle = Automatic;
						TestTargetID = 10078EC41E66AB0E0002F635;
					};
					10078EE31E66AB0E0002F635 = {
						CreatedOnToolsVersion = 8.2.1;
						DevelopmentTeam = MXD8E5FVZ4;
						ProvisioningStyle = Automatic;
						TestTargetID = 10078EC41E66AB0E0002F635;
					};
				};
			};
			buildConfigurationList = 10078EC01E66AB0E0002F635 /* Build configuration list for PBXProject "SegmentedControlDemo" */;
			compatibilityVersion = "Xcode 3.2";
			developmentRegion = English;
			hasScannedForEncodings = 0;
			knownRegions = (
				en,
				Base,
			);
			mainGroup = 10078EBC1E66AB0E0002F635;
			productRefGroup = 10078EC61E66AB0E0002F635 /* Products */;
			projectDirPath = "";
			projectRoot = "";
			targets = (
				10078EC41E66AB0E0002F635 /* SegmentedControlDemo */,
				10078ED81E66AB0E0002F635 /* SegmentedControlDemoTests */,
				10078EE31E66AB0E0002F635 /* SegmentedControlDemoUITests */,
			);
		};
/* End PBXProject section */

/* Begin PBXResourcesBuildPhase section */
		10078EC31E66AB0E0002F635 /* Resources */ = {
			isa = PBXResourcesBuildPhase;
			buildActionMask = 2147483647;
			files = (
				10078ED31E66AB0E0002F635 /* LaunchScreen.storyboard in Resources */,
				10078ED01E66AB0E0002F635 /* Assets.xcassets in Resources */,
				10078ECE1E66AB0E0002F635 /* Main.storyboard in Resources */,
			);
			runOnlyForDeploymentPostprocessing = 0;
		};
		10078ED71E66AB0E0002F635 /* Resources */ = {
			isa = PBXResourcesBuildPhase;
			buildActionMask = 2147483647;
			files = (
			);
			runOnlyForDeploymentPostprocessing = 0;
		};
		10078EE21E66AB0E0002F635 /* Resources */ = {
			isa = PBXResourcesBuildPhase;
			buildActionMask = 2147483647;
			files = (
			);
			runOnlyForDeploymentPostprocessing = 0;
		};
/* End PBXResourcesBuildPhase section */

/* Begin PBXSourcesBuildPhase section */
		10078EC11E66AB0E0002F635 /* Sources */ = {
			isa = PBXSourcesBuildPhase;
			buildActionMask = 2147483647;
			files = (
				10078ECB1E66AB0E0002F635 /* ViewController.swift in Sources */,
				10078EF71E66AB1D0002F635 /* SegmentedControl.swift in Sources */,
				10078EC91E66AB0E0002F635 /* AppDelegate.swift in Sources */,
			);
			runOnlyForDeploymentPostprocessing = 0;
		};
		10078ED51E66AB0E0002F635 /* Sources */ = {
			isa = PBXSourcesBuildPhase;
			buildActionMask = 2147483647;
			files = (
				10078EDE1E66AB0E0002F635 /* SegmentedControlDemoTests.swift in Sources */,
			);
			runOnlyForDeploymentPostprocessing = 0;
		};
		10078EE01E66AB0E0002F635 /* Sources */ = {
			isa = PBXSourcesBuildPhase;
			buildActionMask = 2147483647;
			files = (
				10078EE91E66AB0E0002F635 /* SegmentedControlDemoUITests.swift in Sources */,
			);
			runOnlyForDeploymentPostprocessing = 0;
		};
/* End PBXSourcesBuildPhase section */

/* Begin PBXTargetDependency section */
		10078EDB1E66AB0E0002F635 /* PBXTargetDependency */ = {
			isa = PBXTargetDependency;
			target = 10078EC41E66AB0E0002F635 /* SegmentedControlDemo */;
			targetProxy = 10078EDA1E66AB0E0002F635 /* PBXContainerItemProxy */;
		};
		10078EE61E66AB0E0002F635 /* PBXTargetDependency */ = {
			isa = PBXTargetDependency;
			target = 10078EC41E66AB0E0002F635 /* SegmentedControlDemo */;
			targetProxy = 10078EE51E66AB0E0002F635 /* PBXContainerItemProxy */;
		};
/* End PBXTargetDependency section */

/* Begin PBXVariantGroup section */
		10078ECC1E66AB0E0002F635 /* Main.storyboard */ = {
			isa = PBXVariantGroup;
			children = (
				10078ECD1E66AB0E0002F635 /* Base */,
			);
			name = Main.storyboard;
			sourceTree = "<group>";
		};
		10078ED11E66AB0E0002F635 /* LaunchScreen.storyboard */ = {
			isa = PBXVariantGroup;
			children = (
				10078ED21E66AB0E0002F635 /* Base */,
			);
			name = LaunchScreen.storyboard;
			sourceTree = "<group>";
		};
/* End PBXVariantGroup section */

/* Begin XCBuildConfiguration section */
		10078EEB1E66AB0E0002F635 /* Debug */ = {
			isa = XCBuildConfiguration;
			buildSettings = {
				ALWAYS_SEARCH_USER_PATHS = NO;
				CLANG_ANALYZER_NONNULL = YES;
				CLANG_CXX_LANGUAGE_STANDARD = "gnu++0x";
				CLANG_CXX_LIBRARY = "libc++";
				CLANG_ENABLE_MODULES = YES;
				CLANG_ENABLE_OBJC_ARC = YES;
				CLANG_WARN_BOOL_CONVERSION = YES;
				CLANG_WARN_CONSTANT_CONVERSION = YES;
				CLANG_WARN_DIRECT_OBJC_ISA_USAGE = YES_ERROR;
				CLANG_WARN_DOCUMENTATION_COMMENTS = YES;
				CLANG_WARN_EMPTY_BODY = YES;
				CLANG_WARN_ENUM_CONVERSION = YES;
				CLANG_WARN_INFINITE_RECURSION = YES;
				CLANG_WARN_INT_CONVERSION = YES;
				CLANG_WARN_OBJC_ROOT_CLASS = YES_ERROR;
				CLANG_WARN_SUSPICIOUS_MOVE = YES;
				CLANG_WARN_UNREACHABLE_CODE = YES;
				CLANG_WARN__DUPLICATE_METHOD_MATCH = YES;
				"CODE_SIGN_IDENTITY[sdk=iphoneos*]" = "iPhone Developer";
				COPY_PHASE_STRIP = NO;
				DEBUG_INFORMATION_FORMAT = dwarf;
				ENABLE_STRICT_OBJC_MSGSEND = YES;
				ENABLE_TESTABILITY = YES;
				GCC_C_LANGUAGE_STANDARD = gnu99;
				GCC_DYNAMIC_NO_PIC = NO;
				GCC_NO_COMMON_BLOCKS = YES;
				GCC_OPTIMIZATION_LEVEL = 0;
				GCC_PREPROCESSOR_DEFINITIONS = (
					"DEBUG=1",
					"$(inherited)",
				);
				GCC_WARN_64_TO_32_BIT_CONVERSION = YES;
				GCC_WARN_ABOUT_RETURN_TYPE = YES_ERROR;
				GCC_WARN_UNDECLARED_SELECTOR = YES;
				GCC_WARN_UNINITIALIZED_AUTOS = YES_AGGRESSIVE;
				GCC_WARN_UNUSED_FUNCTION = YES;
				GCC_WARN_UNUSED_VARIABLE = YES;
				IPHONEOS_DEPLOYMENT_TARGET = 10.2;
				MTL_ENABLE_DEBUG_INFO = YES;
				ONLY_ACTIVE_ARCH = YES;
				SDKROOT = iphoneos;
				SWIFT_ACTIVE_COMPILATION_CONDITIONS = DEBUG;
				SWIFT_OPTIMIZATION_LEVEL = "-Onone";
				TARGETED_DEVICE_FAMILY = "1,2";
			};
			name = Debug;
		};
		10078EEC1E66AB0E0002F635 /* Release */ = {
			isa = XCBuildConfiguration;
			buildSettings = {
				ALWAYS_SEARCH_USER_PATHS = NO;
				CLANG_ANALYZER_NONNULL = YES;
				CLANG_CXX_LANGUAGE_STANDARD = "gnu++0x";
				CLANG_CXX_LIBRARY = "libc++";
				CLANG_ENABLE_MODULES = YES;
				CLANG_ENABLE_OBJC_ARC = YES;
				CLANG_WARN_BOOL_CONVERSION = YES;
				CLANG_WARN_CONSTANT_CONVERSION = YES;
				CLANG_WARN_DIRECT_OBJC_ISA_USAGE = YES_ERROR;
				CLANG_WARN_DOCUMENTATION_COMMENTS = YES;
				CLANG_WARN_EMPTY_BODY = YES;
				CLANG_WARN_ENUM_CONVERSION = YES;
				CLANG_WARN_INFINITE_RECURSION = YES;
				CLANG_WARN_INT_CONVERSION = YES;
				CLANG_WARN_OBJC_ROOT_CLASS = YES_ERROR;
				CLANG_WARN_SUSPICIOUS_MOVE = YES;
				CLANG_WARN_UNREACHABLE_CODE = YES;
				CLANG_WARN__DUPLICATE_METHOD_MATCH = YES;
				"CODE_SIGN_IDENTITY[sdk=iphoneos*]" = "iPhone Developer";
				COPY_PHASE_STRIP = NO;
				DEBUG_INFORMATION_FORMAT = "dwarf-with-dsym";
				ENABLE_NS_ASSERTIONS = NO;
				ENABLE_STRICT_OBJC_MSGSEND = YES;
				GCC_C_LANGUAGE_STANDARD = gnu99;
				GCC_NO_COMMON_BLOCKS = YES;
				GCC_WARN_64_TO_32_BIT_CONVERSION = YES;
				GCC_WARN_ABOUT_RETURN_TYPE = YES_ERROR;
				GCC_WARN_UNDECLARED_SELECTOR = YES;
				GCC_WARN_UNINITIALIZED_AUTOS = YES_AGGRESSIVE;
				GCC_WARN_UNUSED_FUNCTION = YES;
				GCC_WARN_UNUSED_VARIABLE = YES;
				IPHONEOS_DEPLOYMENT_TARGET = 10.2;
				MTL_ENABLE_DEBUG_INFO = NO;
				SDKROOT = iphoneos;
				SWIFT_OPTIMIZATION_LEVEL = "-Owholemodule";
				TARGETED_DEVICE_FAMILY = "1,2";
				VALIDATE_PRODUCT = YES;
			};
			name = Release;
		};
		10078EEE1E66AB0E0002F635 /* Debug */ = {
			isa = XCBuildConfiguration;
			buildSettings = {
				ASSETCATALOG_COMPILER_APPICON_NAME = AppIcon;
				DEVELOPMENT_TEAM = MXD8E5FVZ4;
				INFOPLIST_FILE = SegmentedControlDemo/Info.plist;
				LD_RUNPATH_SEARCH_PATHS = "$(inherited) @executable_path/Frameworks";
				PRODUCT_BUNDLE_IDENTIFIER = com.mikegilroy.SegmentedControlDemo;
				PRODUCT_NAME = "$(TARGET_NAME)";
				SWIFT_VERSION = 3.0;
			};
			name = Debug;
		};
		10078EEF1E66AB0E0002F635 /* Release */ = {
			isa = XCBuildConfiguration;
			buildSettings = {
				ASSETCATALOG_COMPILER_APPICON_NAME = AppIcon;
				DEVELOPMENT_TEAM = MXD8E5FVZ4;
				INFOPLIST_FILE = SegmentedControlDemo/Info.plist;
				LD_RUNPATH_SEARCH_PATHS = "$(inherited) @executable_path/Frameworks";
				PRODUCT_BUNDLE_IDENTIFIER = com.mikegilroy.SegmentedControlDemo;
				PRODUCT_NAME = "$(TARGET_NAME)";
				SWIFT_VERSION = 3.0;
			};
			name = Release;
		};
		10078EF11E66AB0E0002F635 /* Debug */ = {
			isa = XCBuildConfiguration;
			buildSettings = {
				ALWAYS_EMBED_SWIFT_STANDARD_LIBRARIES = YES;
				BUNDLE_LOADER = "$(TEST_HOST)";
				DEVELOPMENT_TEAM = MXD8E5FVZ4;
				INFOPLIST_FILE = SegmentedControlDemoTests/Info.plist;
				LD_RUNPATH_SEARCH_PATHS = "$(inherited) @executable_path/Frameworks @loader_path/Frameworks";
				PRODUCT_BUNDLE_IDENTIFIER = com.mikegilroy.SegmentedControlDemoTests;
				PRODUCT_NAME = "$(TARGET_NAME)";
				SWIFT_VERSION = 3.0;
				TEST_HOST = "$(BUILT_PRODUCTS_DIR)/SegmentedControlDemo.app/SegmentedControlDemo";
			};
			name = Debug;
		};
		10078EF21E66AB0E0002F635 /* Release */ = {
			isa = XCBuildConfiguration;
			buildSettings = {
				ALWAYS_EMBED_SWIFT_STANDARD_LIBRARIES = YES;
				BUNDLE_LOADER = "$(TEST_HOST)";
				DEVELOPMENT_TEAM = MXD8E5FVZ4;
				INFOPLIST_FILE = SegmentedControlDemoTests/Info.plist;
				LD_RUNPATH_SEARCH_PATHS = "$(inherited) @executable_path/Frameworks @loader_path/Frameworks";
				PRODUCT_BUNDLE_IDENTIFIER = com.mikegilroy.SegmentedControlDemoTests;
				PRODUCT_NAME = "$(TARGET_NAME)";
				SWIFT_VERSION = 3.0;
				TEST_HOST = "$(BUILT_PRODUCTS_DIR)/SegmentedControlDemo.app/SegmentedControlDemo";
			};
			name = Release;
		};
		10078EF41E66AB0E0002F635 /* Debug */ = {
			isa = XCBuildConfiguration;
			buildSettings = {
				ALWAYS_EMBED_SWIFT_STANDARD_LIBRARIES = YES;
				DEVELOPMENT_TEAM = MXD8E5FVZ4;
				INFOPLIST_FILE = SegmentedControlDemoUITests/Info.plist;
				LD_RUNPATH_SEARCH_PATHS = "$(inherited) @executable_path/Frameworks @loader_path/Frameworks";
				PRODUCT_BUNDLE_IDENTIFIER = com.mikegilroy.SegmentedControlDemoUITests;
				PRODUCT_NAME = "$(TARGET_NAME)";
				SWIFT_VERSION = 3.0;
				TEST_TARGET_NAME = SegmentedControlDemo;
			};
			name = Debug;
		};
		10078EF51E66AB0E0002F635 /* Release */ = {
			isa = XCBuildConfiguration;
			buildSettings = {
				ALWAYS_EMBED_SWIFT_STANDARD_LIBRARIES = YES;
				DEVELOPMENT_TEAM = MXD8E5FVZ4;
				INFOPLIST_FILE = SegmentedControlDemoUITests/Info.plist;
				LD_RUNPATH_SEARCH_PATHS = "$(inherited) @executable_path/Frameworks @loader_path/Frameworks";
				PRODUCT_BUNDLE_IDENTIFIER = com.mikegilroy.SegmentedControlDemoUITests;
				PRODUCT_NAME = "$(TARGET_NAME)";
				SWIFT_VERSION = 3.0;
				TEST_TARGET_NAME = SegmentedControlDemo;
			};
			name = Release;
		};
/* End XCBuildConfiguration section */

/* Begin XCConfigurationList section */
		10078EC01E66AB0E0002F635 /* Build configuration list for PBXProject "SegmentedControlDemo" */ = {
			isa = XCConfigurationList;
			buildConfigurations = (
				10078EEB1E66AB0E0002F635 /* Debug */,
				10078EEC1E66AB0E0002F635 /* Release */,
			);
			defaultConfigurationIsVisible = 0;
			defaultConfigurationName = Release;
		};
		10078EED1E66AB0E0002F635 /* Build configuration list for PBXNativeTarget "SegmentedControlDemo" */ = {
			isa = XCConfigurationList;
			buildConfigurations = (
				10078EEE1E66AB0E0002F635 /* Debug */,
				10078EEF1E66AB0E0002F635 /* Release */,
			);
			defaultConfigurationIsVisible = 0;
		};
		10078EF01E66AB0E0002F635 /* Build configuration list for PBXNativeTarget "SegmentedControlDemoTests" */ = {
			isa = XCConfigurationList;
			buildConfigurations = (
				10078EF11E66AB0E0002F635 /* Debug */,
				10078EF21E66AB0E0002F635 /* Release */,
			);
			defaultConfigurationIsVisible = 0;
		};
		10078EF31E66AB0E0002F635 /* Build configuration list for PBXNativeTarget "SegmentedControlDemoUITests" */ = {
			isa = XCConfigurationList;
			buildConfigurations = (
				10078EF41E66AB0E0002F635 /* Debug */,
				10078EF51E66AB0E0002F635 /* Release */,
			);
			defaultConfigurationIsVisible = 0;
		};
/* End XCConfigurationList section */
	};
	rootObject = 10078EBD1E66AB0E0002F635 /* Project object */;
}
